
Microsoft Visual Studio Solution File, Format Version 12.00
# Visual Studio Version 16
VisualStudioVersion = 16.0.30503.244
MinimumVisualStudioVersion = 10.0.40219.1
Project("{9A19103F-16F7-4668-BE54-9A1E7A4F7556}") = "AspNetCore", "src\AspNetCore\AspNetCore.csproj", "{6CA01E0D-42E2-4221-8AFC-DC084DC18627}"
EndProject
Project("{9A19103F-16F7-4668-BE54-9A1E7A4F7556}") = "DependencyInjection", "src\DependencyInjection\DependencyInjection.csproj", "{AFDE754A-9A3D-42B0-B6B3-9B49BE8C2640}"
EndProject
Project("{9A19103F-16F7-4668-BE54-9A1E7A4F7556}") = "Swashbuckle", "src\Swashbuckle\Swashbuckle.csproj", "{14596CAA-ABAC-46C7-BC95-B073EF473277}"
EndProject
Project("{2150E333-8FDC-42A3-9474-1A3956D46DE8}") = "Samples", "Samples", "{D844E71C-A111-4A93-98A5-E30CDC6B6663}"
EndProject
Project("{9A19103F-16F7-4668-BE54-9A1E7A4F7556}") = "SimpleAspNetCoreSample", "samples\SimpleAspNetCoreSample\SimpleAspNetCoreSample.csproj", "{8F2D4B12-8513-4E23-ADD3-47AF967268B8}"
EndProject
Project("{2150E333-8FDC-42A3-9474-1A3956D46DE8}") = "Abstractions", "Abstractions", "{C4C80270-72D2-4755-A50B-36519DE9C835}"
EndProject
Project("{9A19103F-16F7-4668-BE54-9A1E7A4F7556}") = "Swashbuckle.Abstractions", "abstractions\Swashbuckle.Abstractions\Swashbuckle.Abstractions.csproj", "{7FDD7035-BA8F-4B3E-A9C2-2D41513146C1}"
EndProject
Project("{9A19103F-16F7-4668-BE54-9A1E7A4F7556}") = "Abstractions", "abstractions\Abstractions\Abstractions.csproj", "{E9612CB5-9BED-412A-A1FE-E2309966BAB8}"
EndProject
Project("{9A19103F-16F7-4668-BE54-9A1E7A4F7556}") = "DependencyInjection.Abstractions", "abstractions\DependencyInjection.Abstractions\DependencyInjection.Abstractions.csproj", "{B95C2401-3600-4DF3-B094-4A25C601569F}"
EndProject
Project("{9A19103F-16F7-4668-BE54-9A1E7A4F7556}") = "MMFramework", "src\MMFramework\MMFramework.csproj", "{5B36B28F-B05D-4F4F-9FDF-CE1376F813D1}"
EndProject
Project("{9A19103F-16F7-4668-BE54-9A1E7A4F7556}") = "AspNetCore.Abstractions", "abstractions\AspNetCore.Abstractions\AspNetCore.Abstractions.csproj", "{F0C1B64E-7B6F-4B4D-9EE5-CD2C50411B1E}"
EndProject
Project("{2150E333-8FDC-42A3-9474-1A3956D46DE8}") = "Solution Items", "Solution Items", "{29A375CF-0B11-4A70-96C1-DB429E67CF25}"
	ProjectSection(SolutionItems) = preProject
		.editorconfig = .editorconfig
	EndProjectSection
EndProject
Global
	GlobalSection(SolutionConfigurationPlatforms) = preSolution
		Debug|Any CPU = Debug|Any CPU
		Release|Any CPU = Release|Any CPU
	EndGlobalSection
	GlobalSection(ProjectConfigurationPlatforms) = postSolution
		{6CA01E0D-42E2-4221-8AFC-DC084DC18627}.Debug|Any CPU.ActiveCfg = Debug|Any CPU
		{6CA01E0D-42E2-4221-8AFC-DC084DC18627}.Debug|Any CPU.Build.0 = Debug|Any CPU
		{6CA01E0D-42E2-4221-8AFC-DC084DC18627}.Release|Any CPU.ActiveCfg = Release|Any CPU
		{6CA01E0D-42E2-4221-8AFC-DC084DC18627}.Release|Any CPU.Build.0 = Release|Any CPU
		{AFDE754A-9A3D-42B0-B6B3-9B49BE8C2640}.Debug|Any CPU.ActiveCfg = Debug|Any CPU
		{AFDE754A-9A3D-42B0-B6B3-9B49BE8C2640}.Debug|Any CPU.Build.0 = Debug|Any CPU
		{AFDE754A-9A3D-42B0-B6B3-9B49BE8C2640}.Release|Any CPU.ActiveCfg = Release|Any CPU
		{AFDE754A-9A3D-42B0-B6B3-9B49BE8C2640}.Release|Any CPU.Build.0 = Release|Any CPU
		{14596CAA-ABAC-46C7-BC95-B073EF473277}.Debug|Any CPU.ActiveCfg = Debug|Any CPU
		{14596CAA-ABAC-46C7-BC95-B073EF473277}.Debug|Any CPU.Build.0 = Debug|Any CPU
		{14596CAA-ABAC-46C7-BC95-B073EF473277}.Release|Any CPU.ActiveCfg = Release|Any CPU
		{14596CAA-ABAC-46C7-BC95-B073EF473277}.Release|Any CPU.Build.0 = Release|Any CPU
		{8F2D4B12-8513-4E23-ADD3-47AF967268B8}.Debug|Any CPU.ActiveCfg = Debug|Any CPU
		{8F2D4B12-8513-4E23-ADD3-47AF967268B8}.Debug|Any CPU.Build.0 = Debug|Any CPU
		{8F2D4B12-8513-4E23-ADD3-47AF967268B8}.Release|Any CPU.ActiveCfg = Release|Any CPU
		{8F2D4B12-8513-4E23-ADD3-47AF967268B8}.Release|Any CPU.Build.0 = Release|Any CPU
		{7FDD7035-BA8F-4B3E-A9C2-2D41513146C1}.Debug|Any CPU.ActiveCfg = Debug|Any CPU
		{7FDD7035-BA8F-4B3E-A9C2-2D41513146C1}.Debug|Any CPU.Build.0 = Debug|Any CPU
		{7FDD7035-BA8F-4B3E-A9C2-2D41513146C1}.Release|Any CPU.ActiveCfg = Release|Any CPU
		{7FDD7035-BA8F-4B3E-A9C2-2D41513146C1}.Release|Any CPU.Build.0 = Release|Any CPU
		{E9612CB5-9BED-412A-A1FE-E2309966BAB8}.Debug|Any CPU.ActiveCfg = Debug|Any CPU
		{E9612CB5-9BED-412A-A1FE-E2309966BAB8}.Debug|Any CPU.Build.0 = Debug|Any CPU
		{E9612CB5-9BED-412A-A1FE-E2309966BAB8}.Release|Any CPU.ActiveCfg = Release|Any CPU
		{E9612CB5-9BED-412A-A1FE-E2309966BAB8}.Release|Any CPU.Build.0 = Release|Any CPU
		{B95C2401-3600-4DF3-B094-4A25C601569F}.Debug|Any CPU.ActiveCfg = Debug|Any CPU
		{B95C2401-3600-4DF3-B094-4A25C601569F}.Debug|Any CPU.Build.0 = Debug|Any CPU
		{B95C2401-3600-4DF3-B094-4A25C601569F}.Release|Any CPU.ActiveCfg = Release|Any CPU
		{B95C2401-3600-4DF3-B094-4A25C601569F}.Release|Any CPU.Build.0 = Release|Any CPU
		{5B36B28F-B05D-4F4F-9FDF-CE1376F813D1}.Debug|Any CPU.ActiveCfg = Debug|Any CPU
		{5B36B28F-B05D-4F4F-9FDF-CE1376F813D1}.Debug|Any CPU.Build.0 = Debug|Any CPU
		{5B36B28F-B05D-4F4F-9FDF-CE1376F813D1}.Release|Any CPU.ActiveCfg = Release|Any CPU
		{5B36B28F-B05D-4F4F-9FDF-CE1376F813D1}.Release|Any CPU.Build.0 = Release|Any CPU
		{F0C1B64E-7B6F-4B4D-9EE5-CD2C50411B1E}.Debug|Any CPU.ActiveCfg = Debug|Any CPU
		{F0C1B64E-7B6F-4B4D-9EE5-CD2C50411B1E}.Debug|Any CPU.Build.0 = Debug|Any CPU
		{F0C1B64E-7B6F-4B4D-9EE5-CD2C50411B1E}.Release|Any CPU.ActiveCfg = Release|Any CPU
		{F0C1B64E-7B6F-4B4D-9EE5-CD2C50411B1E}.Release|Any CPU.Build.0 = Release|Any CPU
	EndGlobalSection
	GlobalSection(SolutionProperties) = preSolution
		HideSolutionNode = FALSE
	EndGlobalSection
	GlobalSection(NestedProjects) = preSolution
		{8F2D4B12-8513-4E23-ADD3-47AF967268B8} = {D844E71C-A111-4A93-98A5-E30CDC6B6663}
		{7FDD7035-BA8F-4B3E-A9C2-2D41513146C1} = {C4C80270-72D2-4755-A50B-36519DE9C835}
		{E9612CB5-9BED-412A-A1FE-E2309966BAB8} = {C4C80270-72D2-4755-A50B-36519DE9C835}
		{B95C2401-3600-4DF3-B094-4A25C601569F} = {C4C80270-72D2-4755-A50B-36519DE9C835}
		{F0C1B64E-7B6F-4B4D-9EE5-CD2C50411B1E} = {C4C80270-72D2-4755-A50B-36519DE9C835}
	EndGlobalSection
	GlobalSection(ExtensibilityGlobals) = postSolution
		SolutionGuid = {CB33B91A-78AA-426E-BEE8-39B3002E298D}
	EndGlobalSection
EndGlobal
